// !$*UTF8*$!
{
	archiveVersion = 1;
	classes = {
	};
	objectVersion = 50;
	objects = {

/* Begin PBXBuildFile section */
		959E11AC24EE523600C624D8 /* AppDelegate.swift in Sources */ = {isa = PBXBuildFile; fileRef = 959E11AB24EE523600C624D8 /* AppDelegate.swift */; };
		959E11AE24EE523600C624D8 /* SceneDelegate.swift in Sources */ = {isa = PBXBuildFile; fileRef = 959E11AD24EE523600C624D8 /* SceneDelegate.swift */; };
		959E11B024EE523600C624D8 /* HomeViewController.swift in Sources */ = {isa = PBXBuildFile; fileRef = 959E11AF24EE523600C624D8 /* HomeViewController.swift */; };
		959E11B324EE523600C624D8 /* Main.storyboard in Resources */ = {isa = PBXBuildFile; fileRef = 959E11B124EE523600C624D8 /* Main.storyboard */; };
		959E11B524EE523900C624D8 /* Assets.xcassets in Resources */ = {isa = PBXBuildFile; fileRef = 959E11B424EE523900C624D8 /* Assets.xcassets */; };
		959E11B824EE523900C624D8 /* LaunchScreen.storyboard in Resources */ = {isa = PBXBuildFile; fileRef = 959E11B624EE523900C624D8 /* LaunchScreen.storyboard */; };
		959E11C524EE538C00C624D8 /* ExploreViewController.swift in Sources */ = {isa = PBXBuildFile; fileRef = 959E11C424EE538C00C624D8 /* ExploreViewController.swift */; };
		959E11C724EE53AF00C624D8 /* CameraViewController.swift in Sources */ = {isa = PBXBuildFile; fileRef = 959E11C624EE53AF00C624D8 /* CameraViewController.swift */; };
		959E11C924EE53C400C624D8 /* NotificationViewController.swift in Sources */ = {isa = PBXBuildFile; fileRef = 959E11C824EE53C400C624D8 /* NotificationViewController.swift */; };
		959E11CB24EE53D600C624D8 /* ProfileViewController.swift in Sources */ = {isa = PBXBuildFile; fileRef = 959E11CA24EE53D600C624D8 /* ProfileViewController.swift */; };
		959E11D024EE547E00C624D8 /* LoginViewController.swift in Sources */ = {isa = PBXBuildFile; fileRef = 959E11CF24EE547E00C624D8 /* LoginViewController.swift */; };
		959E11D224EE548800C624D8 /* RegistrationViewController.swift in Sources */ = {isa = PBXBuildFile; fileRef = 959E11D124EE548800C624D8 /* RegistrationViewController.swift */; };
		959E11D424EE54BB00C624D8 /* PostViewController.swift in Sources */ = {isa = PBXBuildFile; fileRef = 959E11D324EE54BB00C624D8 /* PostViewController.swift */; };
		959E11D624EE54F400C624D8 /* EditProfileViewController.swift in Sources */ = {isa = PBXBuildFile; fileRef = 959E11D524EE54F400C624D8 /* EditProfileViewController.swift */; };
		959E11D824EE550600C624D8 /* SettingsViewController.swift in Sources */ = {isa = PBXBuildFile; fileRef = 959E11D724EE550600C624D8 /* SettingsViewController.swift */; };
		959E11DA24EE552800C624D8 /* ListViewController.swift in Sources */ = {isa = PBXBuildFile; fileRef = 959E11D924EE552800C624D8 /* ListViewController.swift */; };
		959E11DC24EE554200C624D8 /* SearchViewController.swift in Sources */ = {isa = PBXBuildFile; fileRef = 959E11DB24EE554200C624D8 /* SearchViewController.swift */; };
		959E11DE24EE554D00C624D8 /* SearchResultViewController.swift in Sources */ = {isa = PBXBuildFile; fileRef = 959E11DD24EE554D00C624D8 /* SearchResultViewController.swift */; };
		959E11E024EE557E00C624D8 /* PostEditorViewController.swift in Sources */ = {isa = PBXBuildFile; fileRef = 959E11DF24EE557E00C624D8 /* PostEditorViewController.swift */; };
		959E11E224EE559800C624D8 /* PublishPostViewController.swift in Sources */ = {isa = PBXBuildFile; fileRef = 959E11E124EE559800C624D8 /* PublishPostViewController.swift */; };
/* End PBXBuildFile section */

/* Begin PBXFileReference section */
		959E11A824EE523600C624D8 /* instagram.app */ = {isa = PBXFileReference; explicitFileType = wrapper.application; includeInIndex = 0; path = instagram.app; sourceTree = BUILT_PRODUCTS_DIR; };
		959E11AB24EE523600C624D8 /* AppDelegate.swift */ = {isa = PBXFileReference; lastKnownFileType = sourcecode.swift; path = AppDelegate.swift; sourceTree = "<group>"; };
		959E11AD24EE523600C624D8 /* SceneDelegate.swift */ = {isa = PBXFileReference; lastKnownFileType = sourcecode.swift; path = SceneDelegate.swift; sourceTree = "<group>"; };
		959E11AF24EE523600C624D8 /* HomeViewController.swift */ = {isa = PBXFileReference; lastKnownFileType = sourcecode.swift; path = HomeViewController.swift; sourceTree = "<group>"; };
		959E11B224EE523600C624D8 /* Base */ = {isa = PBXFileReference; lastKnownFileType = file.storyboard; name = Base; path = Base.lproj/Main.storyboard; sourceTree = "<group>"; };
		959E11B424EE523900C624D8 /* Assets.xcassets */ = {isa = PBXFileReference; lastKnownFileType = folder.assetcatalog; path = Assets.xcassets; sourceTree = "<group>"; };
		959E11B724EE523900C624D8 /* Base */ = {isa = PBXFileReference; lastKnownFileType = file.storyboard; name = Base; path = Base.lproj/LaunchScreen.storyboard; sourceTree = "<group>"; };
		959E11B924EE523900C624D8 /* Info.plist */ = {isa = PBXFileReference; lastKnownFileType = text.plist.xml; path = Info.plist; sourceTree = "<group>"; };
		959E11C424EE538C00C624D8 /* ExploreViewController.swift */ = {isa = PBXFileReference; lastKnownFileType = sourcecode.swift; path = ExploreViewController.swift; sourceTree = "<group>"; };
		959E11C624EE53AF00C624D8 /* CameraViewController.swift */ = {isa = PBXFileReference; lastKnownFileType = sourcecode.swift; path = CameraViewController.swift; sourceTree = "<group>"; };
		959E11C824EE53C400C624D8 /* NotificationViewController.swift */ = {isa = PBXFileReference; lastKnownFileType = sourcecode.swift; path = NotificationViewController.swift; sourceTree = "<group>"; };
		959E11CA24EE53D600C624D8 /* ProfileViewController.swift */ = {isa = PBXFileReference; lastKnownFileType = sourcecode.swift; path = ProfileViewController.swift; sourceTree = "<group>"; };
		959E11CF24EE547E00C624D8 /* LoginViewController.swift */ = {isa = PBXFileReference; lastKnownFileType = sourcecode.swift; path = LoginViewController.swift; sourceTree = "<group>"; };
		959E11D124EE548800C624D8 /* RegistrationViewController.swift */ = {isa = PBXFileReference; lastKnownFileType = sourcecode.swift; path = RegistrationViewController.swift; sourceTree = "<group>"; };
		959E11D324EE54BB00C624D8 /* PostViewController.swift */ = {isa = PBXFileReference; lastKnownFileType = sourcecode.swift; path = PostViewController.swift; sourceTree = "<group>"; };
		959E11D524EE54F400C624D8 /* EditProfileViewController.swift */ = {isa = PBXFileReference; lastKnownFileType = sourcecode.swift; path = EditProfileViewController.swift; sourceTree = "<group>"; };
		959E11D724EE550600C624D8 /* SettingsViewController.swift */ = {isa = PBXFileReference; lastKnownFileType = sourcecode.swift; path = SettingsViewController.swift; sourceTree = "<group>"; };
		959E11D924EE552800C624D8 /* ListViewController.swift */ = {isa = PBXFileReference; lastKnownFileType = sourcecode.swift; path = ListViewController.swift; sourceTree = "<group>"; };
		959E11DB24EE554200C624D8 /* SearchViewController.swift */ = {isa = PBXFileReference; lastKnownFileType = sourcecode.swift; path = SearchViewController.swift; sourceTree = "<group>"; };
		959E11DD24EE554D00C624D8 /* SearchResultViewController.swift */ = {isa = PBXFileReference; lastKnownFileType = sourcecode.swift; path = SearchResultViewController.swift; sourceTree = "<group>"; };
		959E11DF24EE557E00C624D8 /* PostEditorViewController.swift */ = {isa = PBXFileReference; lastKnownFileType = sourcecode.swift; path = PostEditorViewController.swift; sourceTree = "<group>"; };
		959E11E124EE559800C624D8 /* PublishPostViewController.swift */ = {isa = PBXFileReference; lastKnownFileType = sourcecode.swift; path = PublishPostViewController.swift; sourceTree = "<group>"; };
/* End PBXFileReference section */

/* Begin PBXFrameworksBuildPhase section */
		959E11A524EE523600C624D8 /* Frameworks */ = {
			isa = PBXFrameworksBuildPhase;
			buildActionMask = 2147483647;
			files = (
			);
			runOnlyForDeploymentPostprocessing = 0;
		};
/* End PBXFrameworksBuildPhase section */

/* Begin PBXGroup section */
		959E119F24EE523500C624D8 = {
			isa = PBXGroup;
			children = (
				959E11AA24EE523600C624D8 /* instagram */,
				959E11A924EE523600C624D8 /* Products */,
			);
			sourceTree = "<group>";
		};
		959E11A924EE523600C624D8 /* Products */ = {
			isa = PBXGroup;
			children = (
				959E11A824EE523600C624D8 /* instagram.app */,
			);
			name = Products;
			sourceTree = "<group>";
		};
		959E11AA24EE523600C624D8 /* instagram */ = {
			isa = PBXGroup;
			children = (
				959E11C224EE52B700C624D8 /* Resources */,
				959E11C124EE52A600C624D8 /* Models */,
				959E11C024EE529E00C624D8 /* Controllers */,
				959E11BF24EE528E00C624D8 /* Views */,
				959E11B924EE523900C624D8 /* Info.plist */,
			);
			path = instagram;
			sourceTree = "<group>";
		};
		959E11BF24EE528E00C624D8 /* Views */ = {
			isa = PBXGroup;
			children = (
				959E11B424EE523900C624D8 /* Assets.xcassets */,
				959E11C324EE52F800C624D8 /* Storyboard */,
			);
			path = Views;
			sourceTree = "<group>";
		};
		959E11C024EE529E00C624D8 /* Controllers */ = {
			isa = PBXGroup;
			children = (
				959E11CD24EE544B00C624D8 /* Others */,
				959E11CC24EE541300C624D8 /* Core tabs */,
			);
			path = Controllers;
			sourceTree = "<group>";
		};
		959E11C124EE52A600C624D8 /* Models */ = {
			isa = PBXGroup;
			children = (
			);
			path = Models;
			sourceTree = "<group>";
		};
		959E11C224EE52B700C624D8 /* Resources */ = {
			isa = PBXGroup;
			children = (
				959E11AB24EE523600C624D8 /* AppDelegate.swift */,
				959E11AD24EE523600C624D8 /* SceneDelegate.swift */,
			);
			path = Resources;
			sourceTree = "<group>";
		};
		959E11C324EE52F800C624D8 /* Storyboard */ = {
			isa = PBXGroup;
			children = (
				959E11B124EE523600C624D8 /* Main.storyboard */,
				959E11B624EE523900C624D8 /* LaunchScreen.storyboard */,
			);
			path = Storyboard;
			sourceTree = "<group>";
		};
		959E11CC24EE541300C624D8 /* Core tabs */ = {
			isa = PBXGroup;
			children = (
				959E11AF24EE523600C624D8 /* HomeViewController.swift */,
				959E11C424EE538C00C624D8 /* ExploreViewController.swift */,
				959E11C624EE53AF00C624D8 /* CameraViewController.swift */,
				959E11C824EE53C400C624D8 /* NotificationViewController.swift */,
				959E11CA24EE53D600C624D8 /* ProfileViewController.swift */,
			);
			path = "Core tabs";
			sourceTree = "<group>";
		};
		959E11CD24EE544B00C624D8 /* Others */ = {
			isa = PBXGroup;
			children = (
				959E11CE24EE545500C624D8 /* Onboarding */,
				959E11D324EE54BB00C624D8 /* PostViewController.swift */,
				959E11D524EE54F400C624D8 /* EditProfileViewController.swift */,
				959E11D724EE550600C624D8 /* SettingsViewController.swift */,
				959E11D924EE552800C624D8 /* ListViewController.swift */,
				959E11DB24EE554200C624D8 /* SearchViewController.swift */,
				959E11DD24EE554D00C624D8 /* SearchResultViewController.swift */,
				959E11DF24EE557E00C624D8 /* PostEditorViewController.swift */,
				959E11E124EE559800C624D8 /* PublishPostViewController.swift */,
			);
			path = Others;
			sourceTree = "<group>";
		};
		959E11CE24EE545500C624D8 /* Onboarding */ = {
			isa = PBXGroup;
			children = (
				959E11CF24EE547E00C624D8 /* LoginViewController.swift */,
				959E11D124EE548800C624D8 /* RegistrationViewController.swift */,
			);
			path = Onboarding;
			sourceTree = "<group>";
		};
/* End PBXGroup section */

/* Begin PBXNativeTarget section */
		959E11A724EE523600C624D8 /* instagram */ = {
			isa = PBXNativeTarget;
			buildConfigurationList = 959E11BC24EE523900C624D8 /* Build configuration list for PBXNativeTarget "instagram" */;
			buildPhases = (
				959E11A424EE523600C624D8 /* Sources */,
				959E11A524EE523600C624D8 /* Frameworks */,
				959E11A624EE523600C624D8 /* Resources */,
			);
			buildRules = (
			);
			dependencies = (
			);
			name = instagram;
			productName = instagram;
			productReference = 959E11A824EE523600C624D8 /* instagram.app */;
			productType = "com.apple.product-type.application";
		};
/* End PBXNativeTarget section */

/* Begin PBXProject section */
		959E11A024EE523500C624D8 /* Project object */ = {
			isa = PBXProject;
			attributes = {
				LastSwiftUpdateCheck = 1160;
				LastUpgradeCheck = 1160;
				ORGANIZATIONNAME = "Yuki Shinohara";
				TargetAttributes = {
					959E11A724EE523600C624D8 = {
						CreatedOnToolsVersion = 11.6;
					};
				};
			};
			buildConfigurationList = 959E11A324EE523500C624D8 /* Build configuration list for PBXProject "instagram" */;
			compatibilityVersion = "Xcode 9.3";
			developmentRegion = en;
			hasScannedForEncodings = 0;
			knownRegions = (
				en,
				Base,
			);
			mainGroup = 959E119F24EE523500C624D8;
			productRefGroup = 959E11A924EE523600C624D8 /* Products */;
			projectDirPath = "";
			projectRoot = "";
			targets = (
				959E11A724EE523600C624D8 /* instagram */,
			);
		};
/* End PBXProject section */

/* Begin PBXResourcesBuildPhase section */
		959E11A624EE523600C624D8 /* Resources */ = {
			isa = PBXResourcesBuildPhase;
			buildActionMask = 2147483647;
			files = (
				959E11B824EE523900C624D8 /* LaunchScreen.storyboard in Resources */,
				959E11B524EE523900C624D8 /* Assets.xcassets in Resources */,
				959E11B324EE523600C624D8 /* Main.storyboard in Resources */,
			);
			runOnlyForDeploymentPostprocessing = 0;
		};
/* End PBXResourcesBuildPhase section */

/* Begin PBXSourcesBuildPhase section */
		959E11A424EE523600C624D8 /* Sources */ = {
			isa = PBXSourcesBuildPhase;
			buildActionMask = 2147483647;
			files = (
				959E11D624EE54F400C624D8 /* EditProfileViewController.swift in Sources */,
				959E11C524EE538C00C624D8 /* ExploreViewController.swift in Sources */,
				959E11E224EE559800C624D8 /* PublishPostViewController.swift in Sources */,
				959E11C724EE53AF00C624D8 /* CameraViewController.swift in Sources */,
				959E11C924EE53C400C624D8 /* NotificationViewController.swift in Sources */,
				959E11D224EE548800C624D8 /* RegistrationViewController.swift in Sources */,
				959E11E024EE557E00C624D8 /* PostEditorViewController.swift in Sources */,
				959E11D424EE54BB00C624D8 /* PostViewController.swift in Sources */,
				959E11B024EE523600C624D8 /* HomeViewController.swift in Sources */,
				959E11DE24EE554D00C624D8 /* SearchResultViewController.swift in Sources */,
				959E11D024EE547E00C624D8 /* LoginViewController.swift in Sources */,
				959E11DC24EE554200C624D8 /* SearchViewController.swift in Sources */,
				959E11CB24EE53D600C624D8 /* ProfileViewController.swift in Sources */,
				959E11AC24EE523600C624D8 /* AppDelegate.swift in Sources */,
				959E11AE24EE523600C624D8 /* SceneDelegate.swift in Sources */,
				959E11DA24EE552800C624D8 /* ListViewController.swift in Sources */,
				959E11D824EE550600C624D8 /* SettingsViewController.swift in Sources */,
			);
			runOnlyForDeploymentPostprocessing = 0;
		};
/* End PBXSourcesBuildPhase section */

/* Begin PBXVariantGroup section */
		959E11B124EE523600C624D8 /* Main.storyboard */ = {
			isa = PBXVariantGroup;
			children = (
				959E11B224EE523600C624D8 /* Base */,
			);
			name = Main.storyboard;
			sourceTree = "<group>";
		};
		959E11B624EE523900C624D8 /* LaunchScreen.storyboard */ = {
			isa = PBXVariantGroup;
			children = (
				959E11B724EE523900C624D8 /* Base */,
			);
			name = LaunchScreen.storyboard;
			sourceTree = "<group>";
		};
/* End PBXVariantGroup section */

/* Begin XCBuildConfiguration section */
		959E11BA24EE523900C624D8 /* Debug */ = {
			isa = XCBuildConfiguration;
			buildSettings = {
				ALWAYS_SEARCH_USER_PATHS = NO;
				CLANG_ANALYZER_NONNULL = YES;
				CLANG_ANALYZER_NUMBER_OBJECT_CONVERSION = YES_AGGRESSIVE;
				CLANG_CXX_LANGUAGE_STANDARD = "gnu++14";
				CLANG_CXX_LIBRARY = "libc++";
				CLANG_ENABLE_MODULES = YES;
				CLANG_ENABLE_OBJC_ARC = YES;
				CLANG_ENABLE_OBJC_WEAK = YES;
				CLANG_WARN_BLOCK_CAPTURE_AUTORELEASING = YES;
				CLANG_WARN_BOOL_CONVERSION = YES;
				CLANG_WARN_COMMA = YES;
				CLANG_WARN_CONSTANT_CONVERSION = YES;
				CLANG_WARN_DEPRECATED_OBJC_IMPLEMENTATIONS = YES;
				CLANG_WARN_DIRECT_OBJC_ISA_USAGE = YES_ERROR;
				CLANG_WARN_DOCUMENTATION_COMMENTS = YES;
				CLANG_WARN_EMPTY_BODY = YES;
				CLANG_WARN_ENUM_CONVERSION = YES;
				CLANG_WARN_INFINITE_RECURSION = YES;
				CLANG_WARN_INT_CONVERSION = YES;
				CLANG_WARN_NON_LITERAL_NULL_CONVERSION = YES;
				CLANG_WARN_OBJC_IMPLICIT_RETAIN_SELF = YES;
				CLANG_WARN_OBJC_LITERAL_CONVERSION = YES;
				CLANG_WARN_OBJC_ROOT_CLASS = YES_ERROR;
				CLANG_WARN_RANGE_LOOP_ANALYSIS = YES;
				CLANG_WARN_STRICT_PROTOTYPES = YES;
				CLANG_WARN_SUSPICIOUS_MOVE = YES;
				CLANG_WARN_UNGUARDED_AVAILABILITY = YES_AGGRESSIVE;
				CLANG_WARN_UNREACHABLE_CODE = YES;
				CLANG_WARN__DUPLICATE_METHOD_MATCH = YES;
				COPY_PHASE_STRIP = NO;
				DEBUG_INFORMATION_FORMAT = dwarf;
				ENABLE_STRICT_OBJC_MSGSEND = YES;
				ENABLE_TESTABILITY = YES;
				GCC_C_LANGUAGE_STANDARD = gnu11;
				GCC_DYNAMIC_NO_PIC = NO;
				GCC_NO_COMMON_BLOCKS = YES;
				GCC_OPTIMIZATION_LEVEL = 0;
				GCC_PREPROCESSOR_DEFINITIONS = (
					"DEBUG=1",
					"$(inherited)",
				);
				GCC_WARN_64_TO_32_BIT_CONVERSION = YES;
				GCC_WARN_ABOUT_RETURN_TYPE = YES_ERROR;
				GCC_WARN_UNDECLARED_SELECTOR = YES;
				GCC_WARN_UNINITIALIZED_AUTOS = YES_AGGRESSIVE;
				GCC_WARN_UNUSED_FUNCTION = YES;
				GCC_WARN_UNUSED_VARIABLE = YES;
				IPHONEOS_DEPLOYMENT_TARGET = 13.6;
				MTL_ENABLE_DEBUG_INFO = INCLUDE_SOURCE;
				MTL_FAST_MATH = YES;
				ONLY_ACTIVE_ARCH = YES;
				SDKROOT = iphoneos;
				SWIFT_ACTIVE_COMPILATION_CONDITIONS = DEBUG;
				SWIFT_OPTIMIZATION_LEVEL = "-Onone";
			};
			name = Debug;
		};
		959E11BB24EE523900C624D8 /* Release */ = {
			isa = XCBuildConfiguration;
			buildSettings = {
				ALWAYS_SEARCH_USER_PATHS = NO;
				CLANG_ANALYZER_NONNULL = YES;
				CLANG_ANALYZER_NUMBER_OBJECT_CONVERSION = YES_AGGRESSIVE;
				CLANG_CXX_LANGUAGE_STANDARD = "gnu++14";
				CLANG_CXX_LIBRARY = "libc++";
				CLANG_ENABLE_MODULES = YES;
				CLANG_ENABLE_OBJC_ARC = YES;
				CLANG_ENABLE_OBJC_WEAK = YES;
				CLANG_WARN_BLOCK_CAPTURE_AUTORELEASING = YES;
				CLANG_WARN_BOOL_CONVERSION = YES;
				CLANG_WARN_COMMA = YES;
				CLANG_WARN_CONSTANT_CONVERSION = YES;
				CLANG_WARN_DEPRECATED_OBJC_IMPLEMENTATIONS = YES;
				CLANG_WARN_DIRECT_OBJC_ISA_USAGE = YES_ERROR;
				CLANG_WARN_DOCUMENTATION_COMMENTS = YES;
				CLANG_WARN_EMPTY_BODY = YES;
				CLANG_WARN_ENUM_CONVERSION = YES;
				CLANG_WARN_INFINITE_RECURSION = YES;
				CLANG_WARN_INT_CONVERSION = YES;
				CLANG_WARN_NON_LITERAL_NULL_CONVERSION = YES;
				CLANG_WARN_OBJC_IMPLICIT_RETAIN_SELF = YES;
				CLANG_WARN_OBJC_LITERAL_CONVERSION = YES;
				CLANG_WARN_OBJC_ROOT_CLASS = YES_ERROR;
				CLANG_WARN_RANGE_LOOP_ANALYSIS = YES;
				CLANG_WARN_STRICT_PROTOTYPES = YES;
				CLANG_WARN_SUSPICIOUS_MOVE = YES;
				CLANG_WARN_UNGUARDED_AVAILABILITY = YES_AGGRESSIVE;
				CLANG_WARN_UNREACHABLE_CODE = YES;
				CLANG_WARN__DUPLICATE_METHOD_MATCH = YES;
				COPY_PHASE_STRIP = NO;
				DEBUG_INFORMATION_FORMAT = "dwarf-with-dsym";
				ENABLE_NS_ASSERTIONS = NO;
				ENABLE_STRICT_OBJC_MSGSEND = YES;
				GCC_C_LANGUAGE_STANDARD = gnu11;
				GCC_NO_COMMON_BLOCKS = YES;
				GCC_WARN_64_TO_32_BIT_CONVERSION = YES;
				GCC_WARN_ABOUT_RETURN_TYPE = YES_ERROR;
				GCC_WARN_UNDECLARED_SELECTOR = YES;
				GCC_WARN_UNINITIALIZED_AUTOS = YES_AGGRESSIVE;
				GCC_WARN_UNUSED_FUNCTION = YES;
				GCC_WARN_UNUSED_VARIABLE = YES;
				IPHONEOS_DEPLOYMENT_TARGET = 13.6;
				MTL_ENABLE_DEBUG_INFO = NO;
				MTL_FAST_MATH = YES;
				SDKROOT = iphoneos;
				SWIFT_COMPILATION_MODE = wholemodule;
				SWIFT_OPTIMIZATION_LEVEL = "-O";
				VALIDATE_PRODUCT = YES;
			};
			name = Release;
		};
		959E11BD24EE523900C624D8 /* Debug */ = {
			isa = XCBuildConfiguration;
			buildSettings = {
				ASSETCATALOG_COMPILER_APPICON_NAME = AppIcon;
				CODE_SIGN_STYLE = Automatic;
				DEVELOPMENT_TEAM = 7RFPAQ2NAA;
				INFOPLIST_FILE = instagram/Info.plist;
				LD_RUNPATH_SEARCH_PATHS = (
					"$(inherited)",
					"@executable_path/Frameworks",
				);
				PRODUCT_BUNDLE_IDENTIFIER = com.shino.instagram;
				PRODUCT_NAME = "$(TARGET_NAME)";
				SWIFT_VERSION = 5.0;
				TARGETED_DEVICE_FAMILY = "1,2";
			};
			name = Debug;
		};
		959E11BE24EE523900C624D8 /* Release */ = {
			isa = XCBuildConfiguration;
			buildSettings = {
				ASSETCATALOG_COMPILER_APPICON_NAME = AppIcon;
				CODE_SIGN_STYLE = Automatic;
				DEVELOPMENT_TEAM = 7RFPAQ2NAA;
				INFOPLIST_FILE = instagram/Info.plist;
				LD_RUNPATH_SEARCH_PATHS = (
					"$(inherited)",
					"@executable_path/Frameworks",
				);
				PRODUCT_BUNDLE_IDENTIFIER = com.shino.instagram;
				PRODUCT_NAME = "$(TARGET_NAME)";
				SWIFT_VERSION = 5.0;
				TARGETED_DEVICE_FAMILY = "1,2";
			};
			name = Release;
		};
/* End XCBuildConfiguration section */

/* Begin XCConfigurationList section */
		959E11A324EE523500C624D8 /* Build configuration list for PBXProject "instagram" */ = {
			isa = XCConfigurationList;
			buildConfigurations = (
				959E11BA24EE523900C624D8 /* Debug */,
				959E11BB24EE523900C624D8 /* Release */,
			);
			defaultConfigurationIsVisible = 0;
			defaultConfigurationName = Release;
		};
		959E11BC24EE523900C624D8 /* Build configuration list for PBXNativeTarget "instagram" */ = {
			isa = XCConfigurationList;
			buildConfigurations = (
				959E11BD24EE523900C624D8 /* Debug */,
				959E11BE24EE523900C624D8 /* Release */,
			);
			defaultConfigurationIsVisible = 0;
			defaultConfigurationName = Release;
		};
/* End XCConfigurationList section */
	};
	rootObject = 959E11A024EE523500C624D8 /* Project object */;
}
